<?xml version="1.0" encoding="utf-8"?>
<Project ToolsVersion="4.0" xmlns="http://schemas.microsoft.com/developer/msbuild/2003">
  <ItemGroup>
    <Filter Include="Source Files">
      <UniqueIdentifier>{E9C7FDCE-D52A-8D73-7EB0-C5296AF258F6}</UniqueIdentifier>
    </Filter>
    <Filter Include="Source Files\App">
      <UniqueIdentifier>{997D1C27-8576-3B79-AEA8-20FE9A001B85}</UniqueIdentifier>
    </Filter>
    <Filter Include="Source Files\Engine">
      <UniqueIdentifier>{4E92A86F-BAF3-857D-4361-CC2FAFC1BC3C}</UniqueIdentifier>
    </Filter>
    <Filter Include="app">
      <UniqueIdentifier>{665E880B-D267-887C-5BE3-9E7CC7EB937C}</UniqueIdentifier>
    </Filter>
  </ItemGroup>
  <ItemGroup>
    <ClInclude Include="app\A_App.h">
      <Filter>Source Files\App</Filter>
    </ClInclude>
    <ClInclude Include="app\E_Device.h">
      <Filter>Source Files\Engine</Filter>
    </ClInclude>
    <ClInclude Include="app\E_ValidationLayers.h">
      <Filter>Source Files\Engine</Filter>
    </ClInclude>
    <ClInclude Include="app\E_Window.h">
      <Filter>Source Files\Engine</Filter>
    </ClInclude>
  </ItemGroup>
  <ItemGroup>
    <ClCompile Include="app\A_App.cpp">
      <Filter>Source Files\App</Filter>
    </ClCompile>
    <ClCompile Include="app\E_Device.cpp">
      <Filter>Source Files\Engine</Filter>
    </ClCompile>
    <ClCompile Include="app\E_ValidationLayers.cpp">
      <Filter>Source Files\Engine</Filter>
    </ClCompile>
    <ClCompile Include="app\E_Window.cpp">
      <Filter>Source Files\Engine</Filter>
    </ClCompile>
    <ClCompile Include="app\Main.cpp">
      <Filter>Source Files</Filter>
    </ClCompile>
    <ClCompile Include="app\test.cpp">
      <Filter>app</Filter>
    </ClCompile>
  </ItemGroup>
</Project>